// !$*UTF8*$!
{
	archiveVersion = 1;
	classes = {
	};
	objectVersion = 54;
	objects = {

/* Begin PBXBuildFile section */
		D191AE4524F1B89500FAF704 /* AppDelegate.swift in Sources */ = {isa = PBXBuildFile; fileRef = D191AE4424F1B89500FAF704 /* AppDelegate.swift */; };
		D191AE4924F1B89600FAF704 /* Assets.xcassets in Resources */ = {isa = PBXBuildFile; fileRef = D191AE4824F1B89600FAF704 /* Assets.xcassets */; };
		D191AE4C24F1B89600FAF704 /* Main.storyboard in Resources */ = {isa = PBXBuildFile; fileRef = D191AE4A24F1B89600FAF704 /* Main.storyboard */; };
		D191AE5824F1C29200FAF704 /* Rainstorm.mp3 in Resources */ = {isa = PBXBuildFile; fileRef = D191AE5724F1C29100FAF704 /* Rainstorm.mp3 */; };
/* End PBXBuildFile section */

/* Begin PBXFileReference section */
		D191AE4124F1B89500FAF704 /* rain.app */ = {isa = PBXFileReference; explicitFileType = wrapper.application; includeInIndex = 0; path = rain.app; sourceTree = BUILT_PRODUCTS_DIR; };
		D191AE4424F1B89500FAF704 /* AppDelegate.swift */ = {isa = PBXFileReference; lastKnownFileType = sourcecode.swift; path = AppDelegate.swift; sourceTree = "<group>"; };
		D191AE4824F1B89600FAF704 /* Assets.xcassets */ = {isa = PBXFileReference; lastKnownFileType = folder.assetcatalog; path = Assets.xcassets; sourceTree = "<group>"; };
		D191AE4B24F1B89600FAF704 /* Base */ = {isa = PBXFileReference; lastKnownFileType = file.storyboard; name = Base; path = Base.lproj/Main.storyboard; sourceTree = "<group>"; };
		D191AE4D24F1B89600FAF704 /* Info.plist */ = {isa = PBXFileReference; lastKnownFileType = text.plist.xml; path = Info.plist; sourceTree = "<group>"; };
		D191AE4E24F1B89600FAF704 /* rain.entitlements */ = {isa = PBXFileReference; lastKnownFileType = text.plist.entitlements; path = rain.entitlements; sourceTree = "<group>"; };
		D191AE5724F1C29100FAF704 /* Rainstorm.mp3 */ = {isa = PBXFileReference; lastKnownFileType = audio.mp3; path = Rainstorm.mp3; sourceTree = "<group>"; };
/* End PBXFileReference section */

/* Begin PBXFrameworksBuildPhase section */
		D191AE3E24F1B89500FAF704 /* Frameworks */ = {
			isa = PBXFrameworksBuildPhase;
			buildActionMask = 2147483647;
			files = (
			);
			runOnlyForDeploymentPostprocessing = 0;
		};
/* End PBXFrameworksBuildPhase section */

/* Begin PBXGroup section */
		D191AE3824F1B89500FAF704 = {
			isa = PBXGroup;
			children = (
				D191AE4324F1B89500FAF704 /* rain */,
				D191AE4224F1B89500FAF704 /* Products */,
			);
			sourceTree = "<group>";
		};
		D191AE4224F1B89500FAF704 /* Products */ = {
			isa = PBXGroup;
			children = (
				D191AE4124F1B89500FAF704 /* rain.app */,
			);
			name = Products;
			sourceTree = "<group>";
		};
		D191AE4324F1B89500FAF704 /* rain */ = {
			isa = PBXGroup;
			children = (
				D191AE5724F1C29100FAF704 /* Rainstorm.mp3 */,
				D191AE4424F1B89500FAF704 /* AppDelegate.swift */,
				D191AE4824F1B89600FAF704 /* Assets.xcassets */,
				D191AE4A24F1B89600FAF704 /* Main.storyboard */,
				D191AE4D24F1B89600FAF704 /* Info.plist */,
				D191AE4E24F1B89600FAF704 /* rain.entitlements */,
			);
			path = rain;
			sourceTree = "<group>";
		};
/* End PBXGroup section */

/* Begin PBXNativeTarget section */
		D191AE4024F1B89500FAF704 /* rain */ = {
			isa = PBXNativeTarget;
			buildConfigurationList = D191AE5124F1B89600FAF704 /* Build configuration list for PBXNativeTarget "rain" */;
			buildPhases = (
				D191AE3D24F1B89500FAF704 /* Sources */,
				D191AE3E24F1B89500FAF704 /* Frameworks */,
				D191AE3F24F1B89500FAF704 /* Resources */,
			);
			buildRules = (
			);
			dependencies = (
			);
			name = rain;
			productName = rain;
			productReference = D191AE4124F1B89500FAF704 /* rain.app */;
			productType = "com.apple.product-type.application";
		};
/* End PBXNativeTarget section */

/* Begin PBXProject section */
		D191AE3924F1B89500FAF704 /* Project object */ = {
			isa = PBXProject;
			attributes = {
				LastSwiftUpdateCheck = 1160;
				LastUpgradeCheck = 1160;
				ORGANIZATIONNAME = "Frédéric Harper";
				TargetAttributes = {
					D191AE4024F1B89500FAF704 = {
						CreatedOnToolsVersion = 11.6;
					};
				};
			};
			buildConfigurationList = D191AE3C24F1B89500FAF704 /* Build configuration list for PBXProject "rain" */;
			compatibilityVersion = "Xcode 12.0";
			developmentRegion = en;
			hasScannedForEncodings = 0;
			knownRegions = (
				en,
				Base,
			);
			mainGroup = D191AE3824F1B89500FAF704;
			productRefGroup = D191AE4224F1B89500FAF704 /* Products */;
			projectDirPath = "";
			projectRoot = "";
			targets = (
				D191AE4024F1B89500FAF704 /* rain */,
			);
		};
/* End PBXProject section */

/* Begin PBXResourcesBuildPhase section */
		D191AE3F24F1B89500FAF704 /* Resources */ = {
			isa = PBXResourcesBuildPhase;
			buildActionMask = 2147483647;
			files = (
				D191AE5824F1C29200FAF704 /* Rainstorm.mp3 in Resources */,
				D191AE4924F1B89600FAF704 /* Assets.xcassets in Resources */,
				D191AE4C24F1B89600FAF704 /* Main.storyboard in Resources */,
			);
			runOnlyForDeploymentPostprocessing = 0;
		};
/* End PBXResourcesBuildPhase section */

/* Begin PBXSourcesBuildPhase section */
		D191AE3D24F1B89500FAF704 /* Sources */ = {
			isa = PBXSourcesBuildPhase;
			buildActionMask = 2147483647;
			files = (
				D191AE4524F1B89500FAF704 /* AppDelegate.swift in Sources */,
			);
			runOnlyForDeploymentPostprocessing = 0;
		};
/* End PBXSourcesBuildPhase section */

/* Begin PBXVariantGroup section */
		D191AE4A24F1B89600FAF704 /* Main.storyboard */ = {
			isa = PBXVariantGroup;
			children = (
				D191AE4B24F1B89600FAF704 /* Base */,
			);
			name = Main.storyboard;
			sourceTree = "<group>";
		};
/* End PBXVariantGroup section */

/* Begin XCBuildConfiguration section */
		D191AE4F24F1B89600FAF704 /* Debug */ = {
			isa = XCBuildConfiguration;
			buildSettings = {
				ALWAYS_SEARCH_USER_PATHS = NO;
				CLANG_ANALYZER_NONNULL = YES;
				CLANG_ANALYZER_NUMBER_OBJECT_CONVERSION = YES_AGGRESSIVE;
				CLANG_CXX_LANGUAGE_STANDARD = "gnu++14";
				CLANG_CXX_LIBRARY = "libc++";
				CLANG_ENABLE_MODULES = YES;
				CLANG_ENABLE_OBJC_ARC = YES;
				CLANG_ENABLE_OBJC_WEAK = YES;
				CLANG_WARN_BLOCK_CAPTURE_AUTORELEASING = YES;
				CLANG_WARN_BOOL_CONVERSION = YES;
				CLANG_WARN_COMMA = YES;
				CLANG_WARN_CONSTANT_CONVERSION = YES;
				CLANG_WARN_DEPRECATED_OBJC_IMPLEMENTATIONS = YES;
				CLANG_WARN_DIRECT_OBJC_ISA_USAGE = YES_ERROR;
				CLANG_WARN_DOCUMENTATION_COMMENTS = YES;
				CLANG_WARN_EMPTY_BODY = YES;
				CLANG_WARN_ENUM_CONVERSION = YES;
				CLANG_WARN_INFINITE_RECURSION = YES;
				CLANG_WARN_INT_CONVERSION = YES;
				CLANG_WARN_NON_LITERAL_NULL_CONVERSION = YES;
				CLANG_WARN_OBJC_IMPLICIT_RETAIN_SELF = YES;
				CLANG_WARN_OBJC_LITERAL_CONVERSION = YES;
				CLANG_WARN_OBJC_ROOT_CLASS = YES_ERROR;
				CLANG_WARN_RANGE_LOOP_ANALYSIS = YES;
				CLANG_WARN_STRICT_PROTOTYPES = YES;
				CLANG_WARN_SUSPICIOUS_MOVE = YES;
				CLANG_WARN_UNGUARDED_AVAILABILITY = YES_AGGRESSIVE;
				CLANG_WARN_UNREACHABLE_CODE = YES;
				CLANG_WARN__DUPLICATE_METHOD_MATCH = YES;
				COPY_PHASE_STRIP = NO;
				DEBUG_INFORMATION_FORMAT = dwarf;
				ENABLE_STRICT_OBJC_MSGSEND = YES;
				ENABLE_TESTABILITY = YES;
				GCC_C_LANGUAGE_STANDARD = gnu11;
				GCC_DYNAMIC_NO_PIC = NO;
				GCC_NO_COMMON_BLOCKS = YES;
				GCC_OPTIMIZATION_LEVEL = 0;
				GCC_PREPROCESSOR_DEFINITIONS = (
					"DEBUG=1",
					"$(inherited)",
				);
				GCC_WARN_64_TO_32_BIT_CONVERSION = YES;
				GCC_WARN_ABOUT_RETURN_TYPE = YES_ERROR;
				GCC_WARN_UNDECLARED_SELECTOR = YES;
				GCC_WARN_UNINITIALIZED_AUTOS = YES_AGGRESSIVE;
				GCC_WARN_UNUSED_FUNCTION = YES;
				GCC_WARN_UNUSED_VARIABLE = YES;
				MACOSX_DEPLOYMENT_TARGET = 10.15;
				MTL_ENABLE_DEBUG_INFO = INCLUDE_SOURCE;
				MTL_FAST_MATH = YES;
				ONLY_ACTIVE_ARCH = YES;
				SDKROOT = macosx;
				SWIFT_ACTIVE_COMPILATION_CONDITIONS = DEBUG;
				SWIFT_OPTIMIZATION_LEVEL = "-Onone";
			};
			name = Debug;
		};
		D191AE5024F1B89600FAF704 /* Release */ = {
			isa = XCBuildConfiguration;
			buildSettings = {
				ALWAYS_SEARCH_USER_PATHS = NO;
				CLANG_ANALYZER_NONNULL = YES;
				CLANG_ANALYZER_NUMBER_OBJECT_CONVERSION = YES_AGGRESSIVE;
				CLANG_CXX_LANGUAGE_STANDARD = "gnu++14";
				CLANG_CXX_LIBRARY = "libc++";
				CLANG_ENABLE_MODULES = YES;
				CLANG_ENABLE_OBJC_ARC = YES;
				CLANG_ENABLE_OBJC_WEAK = YES;
				CLANG_WARN_BLOCK_CAPTURE_AUTORELEASING = YES;
				CLANG_WARN_BOOL_CONVERSION = YES;
				CLANG_WARN_COMMA = YES;
				CLANG_WARN_CONSTANT_CONVERSION = YES;
				CLANG_WARN_DEPRECATED_OBJC_IMPLEMENTATIONS = YES;
				CLANG_WARN_DIRECT_OBJC_ISA_USAGE = YES_ERROR;
				CLANG_WARN_DOCUMENTATION_COMMENTS = YES;
				CLANG_WARN_EMPTY_BODY = YES;
				CLANG_WARN_ENUM_CONVERSION = YES;
				CLANG_WARN_INFINITE_RECURSION = YES;
				CLANG_WARN_INT_CONVERSION = YES;
				CLANG_WARN_NON_LITERAL_NULL_CONVERSION = YES;
				CLANG_WARN_OBJC_IMPLICIT_RETAIN_SELF = YES;
				CLANG_WARN_OBJC_LITERAL_CONVERSION = YES;
				CLANG_WARN_OBJC_ROOT_CLASS = YES_ERROR;
				CLANG_WARN_RANGE_LOOP_ANALYSIS = YES;
				CLANG_WARN_STRICT_PROTOTYPES = YES;
				CLANG_WARN_SUSPICIOUS_MOVE = YES;
				CLANG_WARN_UNGUARDED_AVAILABILITY = YES_AGGRESSIVE;
				CLANG_WARN_UNREACHABLE_CODE = YES;
				CLANG_WARN__DUPLICATE_METHOD_MATCH = YES;
				COPY_PHASE_STRIP = NO;
				DEBUG_INFORMATION_FORMAT = "dwarf-with-dsym";
				ENABLE_NS_ASSERTIONS = NO;
				ENABLE_STRICT_OBJC_MSGSEND = YES;
				GCC_C_LANGUAGE_STANDARD = gnu11;
				GCC_NO_COMMON_BLOCKS = YES;
				GCC_WARN_64_TO_32_BIT_CONVERSION = YES;
				GCC_WARN_ABOUT_RETURN_TYPE = YES_ERROR;
				GCC_WARN_UNDECLARED_SELECTOR = YES;
				GCC_WARN_UNINITIALIZED_AUTOS = YES_AGGRESSIVE;
				GCC_WARN_UNUSED_FUNCTION = YES;
				GCC_WARN_UNUSED_VARIABLE = YES;
				MACOSX_DEPLOYMENT_TARGET = 10.15;
				MTL_ENABLE_DEBUG_INFO = NO;
				MTL_FAST_MATH = YES;
				SDKROOT = macosx;
				SWIFT_COMPILATION_MODE = wholemodule;
				SWIFT_OPTIMIZATION_LEVEL = "-O";
			};
			name = Release;
		};
		D191AE5224F1B89600FAF704 /* Debug */ = {
			isa = XCBuildConfiguration;
			buildSettings = {
				ASSETCATALOG_COMPILER_APPICON_NAME = AppIcon;
				CODE_SIGN_ENTITLEMENTS = rain/rain.entitlements;
				CODE_SIGN_STYLE = Automatic;
				COMBINE_HIDPI_IMAGES = YES;
				CURRENT_PROJECT_VERSION = 2;
				INFOPLIST_FILE = rain/Info.plist;
				LD_RUNPATH_SEARCH_PATHS = (
					"$(inherited)",
					"@executable_path/../Frameworks",
				);
				PRODUCT_BUNDLE_IDENTIFIER = dev.fred.rain;
				PRODUCT_NAME = "$(TARGET_NAME)";
				SWIFT_VERSION = 5.0;
			};
			name = Debug;
		};
		D191AE5324F1B89600FAF704 /* Release */ = {
			isa = XCBuildConfiguration;
			buildSettings = {
				ASSETCATALOG_COMPILER_APPICON_NAME = AppIcon;
				CODE_SIGN_ENTITLEMENTS = rain/rain.entitlements;
				CODE_SIGN_STYLE = Automatic;
				COMBINE_HIDPI_IMAGES = YES;
				CURRENT_PROJECT_VERSION = 2;
				INFOPLIST_FILE = rain/Info.plist;
				LD_RUNPATH_SEARCH_PATHS = (
					"$(inherited)",
					"@executable_path/../Frameworks",
				);
				PRODUCT_BUNDLE_IDENTIFIER = dev.fred.rain;
				PRODUCT_NAME = "$(TARGET_NAME)";
				SWIFT_VERSION = 5.0;
			};
			name = Release;
		};
/* End XCBuildConfiguration section */

/* Begin XCConfigurationList section */
		D191AE3C24F1B89500FAF704 /* Build configuration list for PBXProject "rain" */ = {
			isa = XCConfigurationList;
			buildConfigurations = (
				D191AE4F24F1B89600FAF704 /* Debug */,
				D191AE5024F1B89600FAF704 /* Release */,
			);
			defaultConfigurationIsVisible = 0;
			defaultConfigurationName = Release;
		};
		D191AE5124F1B89600FAF704 /* Build configuration list for PBXNativeTarget "rain" */ = {
			isa = XCConfigurationList;
			buildConfigurations = (
				D191AE5224F1B89600FAF704 /* Debug */,
				D191AE5324F1B89600FAF704 /* Release */,
			);
			defaultConfigurationIsVisible = 0;
			defaultConfigurationName = Release;
		};
/* End XCConfigurationList section */
	};
	rootObject = D191AE3924F1B89500FAF704 /* Project object */;
}
